
Microsoft Visual Studio Solution File, Format Version 12.00
# Visual Studio Version 16
VisualStudioVersion = 16.0.30523.141
MinimumVisualStudioVersion = 10.0.40219.1
Project("{FAE04EC0-301F-11D3-BF4B-00C04F79EFBC}") = "OS_3_2", "OS_3_2.csproj", "{8FFDF250-C0D4-4815-9C49-34CD9497CFAC}"
EndProject
Global
	GlobalSection(SolutionConfigurationPlatforms) = preSolution
		Debug|Any CPU = Debug|Any CPU
		Release|Any CPU = Release|Any CPU
	EndGlobalSection
	GlobalSection(ProjectConfigurationPlatforms) = postSolution
		{8FFDF250-C0D4-4815-9C49-34CD9497CFAC}.Debug|Any CPU.ActiveCfg = Debug|Any CPU
		{8FFDF250-C0D4-4815-9C49-34CD9497CFAC}.Debug|Any CPU.Build.0 = Debug|Any CPU
		{8FFDF250-C0D4-4815-9C49-34CD9497CFAC}.Release|Any CPU.ActiveCfg = Release|Any CPU
		{8FFDF250-C0D4-4815-9C49-34CD9497CFAC}.Release|Any CPU.Build.0 = Release|Any CPU
	EndGlobalSection
	GlobalSection(SolutionProperties) = preSolution
		HideSolutionNode = FALSE
	EndGlobalSection
	GlobalSection(ExtensibilityGlobals) = postSolution
		SolutionGuid = {743B30AB-86AC-4359-B104-BC408859B7B0}
	EndGlobalSection
EndGlobal
